
Microsoft Visual Studio Solution File, Format Version 11.00
# Visual Studio 2010
Project("{FAE04EC0-301F-11D3-BF4B-00C04F79EFBC}") = "Concordion.Spec", "src\concordion.spec\Concordion.Spec.csproj", "{78C35958-361C-4373-BC37-B2727832D069}"
EndProject
Global
	GlobalSection(SolutionConfigurationPlatforms) = preSolution
		Debug|Any CPU = Debug|Any CPU
		Release|Any CPU = Release|Any CPU
	EndGlobalSection
	GlobalSection(ProjectConfigurationPlatforms) = postSolution
		{78C35958-361C-4373-BC37-B2727832D069}.Debug|Any CPU.ActiveCfg = Debug|Any CPU
		{78C35958-361C-4373-BC37-B2727832D069}.Debug|Any CPU.Build.0 = Debug|Any CPU
		{78C35958-361C-4373-BC37-B2727832D069}.Release|Any CPU.ActiveCfg = Release|Any CPU
		{78C35958-361C-4373-BC37-B2727832D069}.Release|Any CPU.Build.0 = Release|Any CPU
	EndGlobalSection
	GlobalSection(SolutionProperties) = preSolution
		HideSolutionNode = FALSE
	EndGlobalSection
EndGlobal
